{
  "projects": [
    {
      "projectId": "caTPwKxj5ZrD9LQ7DMdK4Z",
      "version": "3.3.0",
      "dependencies": {},
      "lang": "js",
      "fileLocks": [
        {
          "assetId": "caTPwKxj5ZrD9LQ7DMdK4Z",
          "type": "projectCss",
          "checksum": "ab083ab952f1c389c64ad1714f567cde"
        }
      ],
      "codegenVersion": "0.0.1"
    },
    {
      "projectId": "tBS53v6Mrk9Mm1a7gv3SHh",
      "version": "latest",
      "dependencies": {
        "caTPwKxj5ZrD9LQ7DMdK4Z": "3.3.0"
      },
      "lang": "js",
      "fileLocks": [
        {
          "type": "globalVariant",
          "assetId": "VI7y4TYSBPJcNx",
          "checksum": "7dbf21eb0606fcca4e582129f2b1cc2d"
        },
        {
          "type": "renderModule",
          "assetId": "JIbrzkyvv9ZNB",
          "checksum": "74c298735a0ff4087f3cc54518d4635f"
        },
        {
          "type": "cssRules",
          "assetId": "JIbrzkyvv9ZNB",
          "checksum": "74c298735a0ff4087f3cc54518d4635f"
        },
        {
          "type": "renderModule",
          "assetId": "7sjzLtUSb4FTm",
          "checksum": "09a69222b4f678157324100f6a1d67c1"
        },
        {
          "type": "cssRules",
          "assetId": "7sjzLtUSb4FTm",
          "checksum": "09a69222b4f678157324100f6a1d67c1"
        },
        {
          "type": "renderModule",
          "assetId": "tYYoIJpxgziB1",
          "checksum": "3adea4694104c3a5de639bdc5f6491e4"
        },
        {
          "type": "cssRules",
          "assetId": "tYYoIJpxgziB1",
          "checksum": "3adea4694104c3a5de639bdc5f6491e4"
        },
        {
          "type": "renderModule",
          "assetId": "Y87YY94o05oIQ",
          "checksum": "03ff429f06bd06d83b2ed792229bcdfc"
        },
        {
          "type": "cssRules",
          "assetId": "Y87YY94o05oIQ",
          "checksum": "03ff429f06bd06d83b2ed792229bcdfc"
        },
        {
          "type": "renderModule",
          "assetId": "uRFWVVGvGVpFl",
          "checksum": "e0af2d3c4500c8cbe66092556f21ac02"
        },
        {
          "type": "cssRules",
          "assetId": "uRFWVVGvGVpFl",
          "checksum": "e0af2d3c4500c8cbe66092556f21ac02"
        },
        {
          "type": "renderModule",
          "assetId": "0I7ZSf1d52uV95",
          "checksum": "75b9a5d78edd5cce10397f26d8e7bfef"
        },
        {
          "type": "cssRules",
          "assetId": "0I7ZSf1d52uV95",
          "checksum": "75b9a5d78edd5cce10397f26d8e7bfef"
        },
        {
          "type": "renderModule",
          "assetId": "Z5Fh0EaV08nY3B",
          "checksum": "89fd21dc4df52e73539db494ce4dca88"
        },
        {
          "type": "cssRules",
          "assetId": "Z5Fh0EaV08nY3B",
          "checksum": "89fd21dc4df52e73539db494ce4dca88"
        },
        {
          "type": "renderModule",
          "assetId": "dr59HzdIu2I8GO",
          "checksum": "70fdad7566ba44905064fa004c6f2c85"
        },
        {
          "type": "cssRules",
          "assetId": "dr59HzdIu2I8GO",
          "checksum": "70fdad7566ba44905064fa004c6f2c85"
        },
        {
          "type": "renderModule",
          "assetId": "HJMTQompZz4q-H",
          "checksum": "d47402b2b5e3fc4a620c8879da203ff9"
        },
        {
          "type": "cssRules",
          "assetId": "HJMTQompZz4q-H",
          "checksum": "d47402b2b5e3fc4a620c8879da203ff9"
        },
        {
          "type": "icon",
          "assetId": "ERt6eDxcGZvAOd",
          "checksum": "26515b5e73abf4a9112bf9cb77cdd3fc"
        },
        {
          "type": "icon",
          "assetId": "t0ZhyR3Q1GULpD",
          "checksum": "5fc7a00d683ee046de9dc0f1812e8aed"
        },
        {
          "type": "icon",
          "assetId": "gWkV-9_Wu6qnkQ",
          "checksum": "451cb59951e0486272b5e4d34e52ad35"
        },
        {
          "type": "icon",
          "assetId": "IexVOtxrBj0lPe",
          "checksum": "85c5da3b08321943ef825f50fc6620e1"
        },
        {
          "type": "icon",
          "assetId": "GmUASqrUBLQeud",
          "checksum": "b38404c4404d53b82b06f2734ac78a9e"
        },
        {
          "type": "icon",
          "assetId": "w3QH36CuPqGeAy",
          "checksum": "0fbafc4b862bfc050e9591963e0b3cfe"
        },
        {
          "type": "icon",
          "assetId": "NWiiRNpe8hgd-U",
          "checksum": "03cc30c9c246c7890533154e5a4beb15"
        },
        {
          "type": "icon",
          "assetId": "4AvOzJXUesFrGH",
          "checksum": "492a854f7217cd3a2e1183aeef466ab2"
        },
        {
          "type": "icon",
          "assetId": "iCOkNF_AFWyNzl",
          "checksum": "2b84249a2e83fb1b4084605f4013e957"
        },
        {
          "type": "icon",
          "assetId": "sU2Jpr2-q9pgnb",
          "checksum": "3a4218bba0cef3a64dc198801bf1b801"
        },
        {
          "type": "icon",
          "assetId": "BLRaUZ4EtJ7C-B",
          "checksum": "2420ec15b1ae11fadefb45b77ed84384"
        },
        {
          "type": "icon",
          "assetId": "eHWsqAVdzRoJN7",
          "checksum": "fdd8474d07b73b5fbbb90c063c8b387d"
        },
        {
          "type": "image",
          "assetId": "duBAYPDEjjmY1u",
          "checksum": "792904462bd6991ac2d04cff8414e155"
        },
        {
          "type": "image",
          "assetId": "OWyurBnwGyAWu5",
          "checksum": "217f4c0571cef7c30ac6cea090b4f50f"
        },
        {
          "type": "image",
          "assetId": "whIA4GWfWY67Ds",
          "checksum": "61ac3d68931214553d80ffbec6cb64e0"
        },
        {
          "type": "image",
          "assetId": "rwXuQMDo_4AVGO",
          "checksum": "14dcedd6abffd6a174ee0064d9d88eac"
        },
        {
          "type": "image",
          "assetId": "6av2gxzbzEe7ce",
          "checksum": "daea7346f8d338488702d698121b07b5"
        },
        {
          "assetId": "tBS53v6Mrk9Mm1a7gv3SHh",
          "type": "projectCss",
          "checksum": "b617a9a27e55d8a77557a174b79131c4"
        }
      ],
      "codegenVersion": "0.0.1"
    }
  ],
  "cliVersion": "0.1.186"
}
